
Microsoft Visual Studio Solution File, Format Version 12.00
# Visual Studio Version 16
VisualStudioVersion = 16.0.29926.136
MinimumVisualStudioVersion = 10.0.40219.1
Project("{9A19103F-16F7-4668-BE54-9A1E7A4F7556}") = "Carteira", "Carteira.csproj", "{EB4C92F6-FB1F-44C7-90B8-C64731ABD92D}"
EndProject
Project("{9A19103F-16F7-4668-BE54-9A1E7A4F7556}") = "Carteira.Repository", "..\Carteira.Repository\Carteira.Repository.csproj", "{F3EC83C3-2588-44D2-9F41-391C66A8B301}"
EndProject
Project("{9A19103F-16F7-4668-BE54-9A1E7A4F7556}") = "Carteira.Service", "..\Carteira.Service\Carteira.Service.csproj", "{3E3A0034-6B54-4844-A14C-E5F0ED91E2AF}"
EndProject
Project("{9A19103F-16F7-4668-BE54-9A1E7A4F7556}") = "Carteira.Testes", "..\Carteira.Testes\Carteira.Testes.csproj", "{94F69CAE-9550-4B0A-9842-E34F1FC9CB40}"
EndProject
Project("{9A19103F-16F7-4668-BE54-9A1E7A4F7556}") = "Carteira.ConsoleComands", "..\Carteira.ConsoleComands\Carteira.ConsoleComands.csproj", "{6A3878A3-407F-4BBB-BEA9-5B6715A0AC48}"
EndProject
Project("{9A19103F-16F7-4668-BE54-9A1E7A4F7556}") = "Carteira.ConsoleTestes", "..\Carteira.ConsoleTestes\Carteira.ConsoleTestes.csproj", "{2352BF9E-5FD2-4100-AFC3-CD39EEE9BB13}"
EndProject
Project("{9A19103F-16F7-4668-BE54-9A1E7A4F7556}") = "Carteira.Entity", "..\Carteira.Entity\Carteira.Entity.csproj", "{05369481-F5DC-4A78-803D-6637F1A03068}"
EndProject
Global
	GlobalSection(SolutionConfigurationPlatforms) = preSolution
		Debug|Any CPU = Debug|Any CPU
		Release|Any CPU = Release|Any CPU
	EndGlobalSection
	GlobalSection(ProjectConfigurationPlatforms) = postSolution
		{EB4C92F6-FB1F-44C7-90B8-C64731ABD92D}.Debug|Any CPU.ActiveCfg = Debug|Any CPU
		{EB4C92F6-FB1F-44C7-90B8-C64731ABD92D}.Debug|Any CPU.Build.0 = Debug|Any CPU
		{EB4C92F6-FB1F-44C7-90B8-C64731ABD92D}.Release|Any CPU.ActiveCfg = Release|Any CPU
		{EB4C92F6-FB1F-44C7-90B8-C64731ABD92D}.Release|Any CPU.Build.0 = Release|Any CPU
		{F3EC83C3-2588-44D2-9F41-391C66A8B301}.Debug|Any CPU.ActiveCfg = Debug|Any CPU
		{F3EC83C3-2588-44D2-9F41-391C66A8B301}.Debug|Any CPU.Build.0 = Debug|Any CPU
		{F3EC83C3-2588-44D2-9F41-391C66A8B301}.Release|Any CPU.ActiveCfg = Release|Any CPU
		{F3EC83C3-2588-44D2-9F41-391C66A8B301}.Release|Any CPU.Build.0 = Release|Any CPU
		{3E3A0034-6B54-4844-A14C-E5F0ED91E2AF}.Debug|Any CPU.ActiveCfg = Debug|Any CPU
		{3E3A0034-6B54-4844-A14C-E5F0ED91E2AF}.Debug|Any CPU.Build.0 = Debug|Any CPU
		{3E3A0034-6B54-4844-A14C-E5F0ED91E2AF}.Release|Any CPU.ActiveCfg = Release|Any CPU
		{3E3A0034-6B54-4844-A14C-E5F0ED91E2AF}.Release|Any CPU.Build.0 = Release|Any CPU
		{94F69CAE-9550-4B0A-9842-E34F1FC9CB40}.Debug|Any CPU.ActiveCfg = Debug|Any CPU
		{94F69CAE-9550-4B0A-9842-E34F1FC9CB40}.Debug|Any CPU.Build.0 = Debug|Any CPU
		{94F69CAE-9550-4B0A-9842-E34F1FC9CB40}.Release|Any CPU.ActiveCfg = Release|Any CPU
		{94F69CAE-9550-4B0A-9842-E34F1FC9CB40}.Release|Any CPU.Build.0 = Release|Any CPU
		{6A3878A3-407F-4BBB-BEA9-5B6715A0AC48}.Debug|Any CPU.ActiveCfg = Debug|Any CPU
		{6A3878A3-407F-4BBB-BEA9-5B6715A0AC48}.Debug|Any CPU.Build.0 = Debug|Any CPU
		{6A3878A3-407F-4BBB-BEA9-5B6715A0AC48}.Release|Any CPU.ActiveCfg = Release|Any CPU
		{6A3878A3-407F-4BBB-BEA9-5B6715A0AC48}.Release|Any CPU.Build.0 = Release|Any CPU
		{2352BF9E-5FD2-4100-AFC3-CD39EEE9BB13}.Debug|Any CPU.ActiveCfg = Debug|Any CPU
		{2352BF9E-5FD2-4100-AFC3-CD39EEE9BB13}.Debug|Any CPU.Build.0 = Debug|Any CPU
		{2352BF9E-5FD2-4100-AFC3-CD39EEE9BB13}.Release|Any CPU.ActiveCfg = Release|Any CPU
		{2352BF9E-5FD2-4100-AFC3-CD39EEE9BB13}.Release|Any CPU.Build.0 = Release|Any CPU
		{05369481-F5DC-4A78-803D-6637F1A03068}.Debug|Any CPU.ActiveCfg = Debug|Any CPU
		{05369481-F5DC-4A78-803D-6637F1A03068}.Debug|Any CPU.Build.0 = Debug|Any CPU
		{05369481-F5DC-4A78-803D-6637F1A03068}.Release|Any CPU.ActiveCfg = Release|Any CPU
		{05369481-F5DC-4A78-803D-6637F1A03068}.Release|Any CPU.Build.0 = Release|Any CPU
	EndGlobalSection
	GlobalSection(SolutionProperties) = preSolution
		HideSolutionNode = FALSE
	EndGlobalSection
	GlobalSection(ExtensibilityGlobals) = postSolution
		SolutionGuid = {78CC02A4-122C-457E-A446-A588A9EBC6E0}
	EndGlobalSection
EndGlobal
